
Microsoft Visual Studio Solution File, Format Version 12.00
# Visual Studio Version 17
VisualStudioVersion = 17.12.35514.174
MinimumVisualStudioVersion = 10.0.40219.1
Project("{FAE04EC0-301F-11D3-BF4B-00C04F79EFBC}") = "Momentix.API", "Momentix.API\Momentix.API.csproj", "{4C111A87-4369-4FBE-BC13-780AC70213F5}"
EndProject
Project("{FAE04EC0-301F-11D3-BF4B-00C04F79EFBC}") = "Momentix.Mobile", "Momentix.Mobile\Momentix.Mobile.csproj", "{EDCAFB12-F50C-4651-8DDE-F17031AAD8BC}"
EndProject
Global
	GlobalSection(SolutionConfigurationPlatforms) = preSolution
		Debug|Any CPU = Debug|Any CPU
		Release|Any CPU = Release|Any CPU
	EndGlobalSection
	GlobalSection(ProjectConfigurationPlatforms) = postSolution
		{4C111A87-4369-4FBE-BC13-780AC70213F5}.Debug|Any CPU.ActiveCfg = Debug|Any CPU
		{4C111A87-4369-4FBE-BC13-780AC70213F5}.Debug|Any CPU.Build.0 = Debug|Any CPU
		{4C111A87-4369-4FBE-BC13-780AC70213F5}.Release|Any CPU.ActiveCfg = Release|Any CPU
		{4C111A87-4369-4FBE-BC13-780AC70213F5}.Release|Any CPU.Build.0 = Release|Any CPU
		{EDCAFB12-F50C-4651-8DDE-F17031AAD8BC}.Debug|Any CPU.ActiveCfg = Debug|Any CPU
		{EDCAFB12-F50C-4651-8DDE-F17031AAD8BC}.Debug|Any CPU.Build.0 = Debug|Any CPU
		{EDCAFB12-F50C-4651-8DDE-F17031AAD8BC}.Debug|Any CPU.Deploy.0 = Debug|Any CPU
		{EDCAFB12-F50C-4651-8DDE-F17031AAD8BC}.Release|Any CPU.ActiveCfg = Release|Any CPU
		{EDCAFB12-F50C-4651-8DDE-F17031AAD8BC}.Release|Any CPU.Build.0 = Release|Any CPU
	EndGlobalSection
	GlobalSection(SolutionProperties) = preSolution
		HideSolutionNode = FALSE
	EndGlobalSection
EndGlobal
